
Microsoft Visual Studio Solution File, Format Version 12.00
# Visual Studio 14
VisualStudioVersion = 14.0.22823.1
MinimumVisualStudioVersion = 10.0.40219.1
Project("{FAE04EC0-301F-11D3-BF4B-00C04F79EFBC}") = "wacs", "wacs\wacs.csproj", "{14013F1F-7579-49D4-8832-81F97494CBA3}"
EndProject
Project("{FAE04EC0-301F-11D3-BF4B-00C04F79EFBC}") = "tests", "tests\tests.csproj", "{0167FB95-57D2-4027-A1F9-729B7C0B807E}"
EndProject
Project("{FAE04EC0-301F-11D3-BF4B-00C04F79EFBC}") = "wacs.Messaging", "wacs.Messaging\wacs.Messaging.csproj", "{9DF356B9-2357-427B-B8FB-4D27EEF84C6C}"
EndProject
Project("{FAE04EC0-301F-11D3-BF4B-00C04F79EFBC}") = "wacs.Diagnostics", "wacs.Diagnostics\wacs.Diagnostics.csproj", "{896767F2-713F-4490-98EA-EFF8FF72E2F0}"
EndProject
Project("{FAE04EC0-301F-11D3-BF4B-00C04F79EFBC}") = "wacs.Configuration", "wacs.Configuration\wacs.Configuration.csproj", "{780A8E1D-892A-4537-AD0F-28B785586397}"
EndProject
Project("{FAE04EC0-301F-11D3-BF4B-00C04F79EFBC}") = "wacs.Framework", "wacs.Framework\wacs.Framework.csproj", "{B60B64F2-46FD-4591-B501-ACB66B10A117}"
EndProject
Project("{FAE04EC0-301F-11D3-BF4B-00C04F79EFBC}") = "wacs.Communication", "wacs.Communication\wacs.Communication.csproj", "{380D9E8B-D5AC-42D4-8BD0-26526D88F91F}"
EndProject
Project("{FAE04EC0-301F-11D3-BF4B-00C04F79EFBC}") = "wacs.Client", "wacs.Client\wacs.Client.csproj", "{444CD843-F161-40F2-8C90-8663109123AC}"
EndProject
Global
	GlobalSection(SolutionConfigurationPlatforms) = preSolution
		Debug|Any CPU = Debug|Any CPU
		Release|Any CPU = Release|Any CPU
	EndGlobalSection
	GlobalSection(ProjectConfigurationPlatforms) = postSolution
		{14013F1F-7579-49D4-8832-81F97494CBA3}.Debug|Any CPU.ActiveCfg = Debug|Any CPU
		{14013F1F-7579-49D4-8832-81F97494CBA3}.Debug|Any CPU.Build.0 = Debug|Any CPU
		{14013F1F-7579-49D4-8832-81F97494CBA3}.Release|Any CPU.ActiveCfg = Release|Any CPU
		{14013F1F-7579-49D4-8832-81F97494CBA3}.Release|Any CPU.Build.0 = Release|Any CPU
		{0167FB95-57D2-4027-A1F9-729B7C0B807E}.Debug|Any CPU.ActiveCfg = Debug|Any CPU
		{0167FB95-57D2-4027-A1F9-729B7C0B807E}.Debug|Any CPU.Build.0 = Debug|Any CPU
		{0167FB95-57D2-4027-A1F9-729B7C0B807E}.Release|Any CPU.ActiveCfg = Release|Any CPU
		{0167FB95-57D2-4027-A1F9-729B7C0B807E}.Release|Any CPU.Build.0 = Release|Any CPU
		{9DF356B9-2357-427B-B8FB-4D27EEF84C6C}.Debug|Any CPU.ActiveCfg = Debug|Any CPU
		{9DF356B9-2357-427B-B8FB-4D27EEF84C6C}.Debug|Any CPU.Build.0 = Debug|Any CPU
		{9DF356B9-2357-427B-B8FB-4D27EEF84C6C}.Release|Any CPU.ActiveCfg = Release|Any CPU
		{9DF356B9-2357-427B-B8FB-4D27EEF84C6C}.Release|Any CPU.Build.0 = Release|Any CPU
		{896767F2-713F-4490-98EA-EFF8FF72E2F0}.Debug|Any CPU.ActiveCfg = Debug|Any CPU
		{896767F2-713F-4490-98EA-EFF8FF72E2F0}.Debug|Any CPU.Build.0 = Debug|Any CPU
		{896767F2-713F-4490-98EA-EFF8FF72E2F0}.Release|Any CPU.ActiveCfg = Release|Any CPU
		{896767F2-713F-4490-98EA-EFF8FF72E2F0}.Release|Any CPU.Build.0 = Release|Any CPU
		{780A8E1D-892A-4537-AD0F-28B785586397}.Debug|Any CPU.ActiveCfg = Debug|Any CPU
		{780A8E1D-892A-4537-AD0F-28B785586397}.Debug|Any CPU.Build.0 = Debug|Any CPU
		{780A8E1D-892A-4537-AD0F-28B785586397}.Release|Any CPU.ActiveCfg = Release|Any CPU
		{780A8E1D-892A-4537-AD0F-28B785586397}.Release|Any CPU.Build.0 = Release|Any CPU
		{B60B64F2-46FD-4591-B501-ACB66B10A117}.Debug|Any CPU.ActiveCfg = Debug|Any CPU
		{B60B64F2-46FD-4591-B501-ACB66B10A117}.Debug|Any CPU.Build.0 = Debug|Any CPU
		{B60B64F2-46FD-4591-B501-ACB66B10A117}.Release|Any CPU.ActiveCfg = Release|Any CPU
		{B60B64F2-46FD-4591-B501-ACB66B10A117}.Release|Any CPU.Build.0 = Release|Any CPU
		{380D9E8B-D5AC-42D4-8BD0-26526D88F91F}.Debug|Any CPU.ActiveCfg = Debug|Any CPU
		{380D9E8B-D5AC-42D4-8BD0-26526D88F91F}.Debug|Any CPU.Build.0 = Debug|Any CPU
		{380D9E8B-D5AC-42D4-8BD0-26526D88F91F}.Release|Any CPU.ActiveCfg = Release|Any CPU
		{380D9E8B-D5AC-42D4-8BD0-26526D88F91F}.Release|Any CPU.Build.0 = Release|Any CPU
		{444CD843-F161-40F2-8C90-8663109123AC}.Debug|Any CPU.ActiveCfg = Debug|Any CPU
		{444CD843-F161-40F2-8C90-8663109123AC}.Debug|Any CPU.Build.0 = Debug|Any CPU
		{444CD843-F161-40F2-8C90-8663109123AC}.Release|Any CPU.ActiveCfg = Release|Any CPU
		{444CD843-F161-40F2-8C90-8663109123AC}.Release|Any CPU.Build.0 = Release|Any CPU
	EndGlobalSection
	GlobalSection(SolutionProperties) = preSolution
		HideSolutionNode = FALSE
	EndGlobalSection
EndGlobal
