
Microsoft Visual Studio Solution File, Format Version 12.00
# Visual Studio 2012
Project("{FAE04EC0-301F-11D3-BF4B-00C04F79EFBC}") = "wacs", "wacs\wacs.csproj", "{14013F1F-7579-49D4-8832-81F97494CBA3}"
EndProject
Global
	GlobalSection(SolutionConfigurationPlatforms) = preSolution
		Debug|Any CPU = Debug|Any CPU
		Release|Any CPU = Release|Any CPU
	EndGlobalSection
	GlobalSection(ProjectConfigurationPlatforms) = postSolution
		{14013F1F-7579-49D4-8832-81F97494CBA3}.Debug|Any CPU.ActiveCfg = Debug|Any CPU
		{14013F1F-7579-49D4-8832-81F97494CBA3}.Debug|Any CPU.Build.0 = Debug|Any CPU
		{14013F1F-7579-49D4-8832-81F97494CBA3}.Release|Any CPU.ActiveCfg = Release|Any CPU
		{14013F1F-7579-49D4-8832-81F97494CBA3}.Release|Any CPU.Build.0 = Release|Any CPU
	EndGlobalSection
	GlobalSection(SolutionProperties) = preSolution
		HideSolutionNode = FALSE
	EndGlobalSection
EndGlobal
